
Microsoft Visual Studio Solution File, Format Version 12.00
# Visual Studio Version 17
VisualStudioVersion = 17.5.33627.172
MinimumVisualStudioVersion = 10.0.40219.1
Project("{FAE04EC0-301F-11D3-BF4B-00C04F79EFBC}") = "ControlExpertSimpleAPI", "ControlExpertSimpleAPI\ControlExpertSimpleAPI.csproj", "{B7734802-0FC3-40E4-AE12-5EC2C0B98209}"
EndProject
Global
	GlobalSection(SolutionConfigurationPlatforms) = preSolution
		Debug|Any CPU = Debug|Any CPU
		Release|Any CPU = Release|Any CPU
	EndGlobalSection
	GlobalSection(ProjectConfigurationPlatforms) = postSolution
		{B7734802-0FC3-40E4-AE12-5EC2C0B98209}.Debug|Any CPU.ActiveCfg = Debug|Any CPU
		{B7734802-0FC3-40E4-AE12-5EC2C0B98209}.Debug|Any CPU.Build.0 = Debug|Any CPU
		{B7734802-0FC3-40E4-AE12-5EC2C0B98209}.Release|Any CPU.ActiveCfg = Release|Any CPU
		{B7734802-0FC3-40E4-AE12-5EC2C0B98209}.Release|Any CPU.Build.0 = Release|Any CPU
	EndGlobalSection
	GlobalSection(SolutionProperties) = preSolution
		HideSolutionNode = FALSE
	EndGlobalSection
	GlobalSection(ExtensibilityGlobals) = postSolution
		SolutionGuid = {C0D7115C-B53A-4A9F-8C1B-703EA4865846}
	EndGlobalSection
EndGlobal
